// !$*UTF8*$!
{
	archiveVersion = 1;
	classes = {
	};
	objectVersion = 55;
	objects = {

/* Begin PBXBuildFile section */
		8B36FCBF2A7E27C5000DF488 /* AppDelegate.swift in Sources */ = {isa = PBXBuildFile; fileRef = 8B36FCBE2A7E27C5000DF488 /* AppDelegate.swift */; };
		8B36FCC12A7E27C5000DF488 /* SceneDelegate.swift in Sources */ = {isa = PBXBuildFile; fileRef = 8B36FCC02A7E27C5000DF488 /* SceneDelegate.swift */; };
		8B36FCC82A7E27CA000DF488 /* Assets.xcassets in Resources */ = {isa = PBXBuildFile; fileRef = 8B36FCC72A7E27CA000DF488 /* Assets.xcassets */; };
		8B36FCCB2A7E27CA000DF488 /* LaunchScreen.storyboard in Resources */ = {isa = PBXBuildFile; fileRef = 8B36FCC92A7E27CA000DF488 /* LaunchScreen.storyboard */; };
		8B36FD3C2A838CE7000DF488 /* Colors.swift in Sources */ = {isa = PBXBuildFile; fileRef = 8B36FD3B2A838CE7000DF488 /* Colors.swift */; };
		8B36FD3E2A83ADA4000DF488 /* TabBarController.swift in Sources */ = {isa = PBXBuildFile; fileRef = 8B36FD3D2A83ADA4000DF488 /* TabBarController.swift */; };
		8B36FD402A83AE39000DF488 /* TrackersViewController.swift in Sources */ = {isa = PBXBuildFile; fileRef = 8B36FD3F2A83AE39000DF488 /* TrackersViewController.swift */; };
		8B36FD422A83AEC2000DF488 /* StatisticViewController.swift in Sources */ = {isa = PBXBuildFile; fileRef = 8B36FD412A83AEC2000DF488 /* StatisticViewController.swift */; };
		8B36FD462A83B4D5000DF488 /* Consts.swift in Sources */ = {isa = PBXBuildFile; fileRef = 8B36FD452A83B4D5000DF488 /* Consts.swift */; };
		8B36FD482A84DE63000DF488 /* SelectTrackerViewController.swift in Sources */ = {isa = PBXBuildFile; fileRef = 8B36FD472A84DE62000DF488 /* SelectTrackerViewController.swift */; };
		8B36FD4A2A850D8A000DF488 /* CreateTrackerViewController.swift in Sources */ = {isa = PBXBuildFile; fileRef = 8B36FD492A850D8A000DF488 /* CreateTrackerViewController.swift */; };
		8B36FD4C2A8770E8000DF488 /* CreateScheduleViewController.swift in Sources */ = {isa = PBXBuildFile; fileRef = 8B36FD4B2A8770E8000DF488 /* CreateScheduleViewController.swift */; };
		8B36FD4F2A87949E000DF488 /* DaysModels.swift in Sources */ = {isa = PBXBuildFile; fileRef = 8B36FD4E2A87949D000DF488 /* DaysModels.swift */; };
		8B36FD512A87CFC8000DF488 /* TrackerCollectionViewCell.swift in Sources */ = {isa = PBXBuildFile; fileRef = 8B36FD502A87CFC8000DF488 /* TrackerCollectionViewCell.swift */; };
		8B36FD542A8820EB000DF488 /* TrackersModels.swift in Sources */ = {isa = PBXBuildFile; fileRef = 8B36FD532A8820EB000DF488 /* TrackersModels.swift */; };
		8B36FD562A883895000DF488 /* SupplementaryView.swift in Sources */ = {isa = PBXBuildFile; fileRef = 8B36FD552A883894000DF488 /* SupplementaryView.swift */; };
		8B36FD582A8A44BC000DF488 /* TrackersViewController+UISearchResultsUpdating.swift in Sources */ = {isa = PBXBuildFile; fileRef = 8B36FD572A8A44BB000DF488 /* TrackersViewController+UISearchResultsUpdating.swift */; };
		8B36FD5A2A8A44FD000DF488 /* TrackersViewController+UICollectionViewDelegateFlowLayout.swift in Sources */ = {isa = PBXBuildFile; fileRef = 8B36FD592A8A44FD000DF488 /* TrackersViewController+UICollectionViewDelegateFlowLayout.swift */; };
		8B36FD5C2A8A452C000DF488 /* TrackersViewController+UICollectionViewDataSource.swift in Sources */ = {isa = PBXBuildFile; fileRef = 8B36FD5B2A8A452C000DF488 /* TrackersViewController+UICollectionViewDataSource.swift */; };
		D81C11D52A8AE3E5001A16E7 /* EmojiCollectionViewCell.swift in Sources */ = {isa = PBXBuildFile; fileRef = D81C11D42A8AE3E5001A16E7 /* EmojiCollectionViewCell.swift */; };
		D81C11D72A8AEDC8001A16E7 /* EmojiCollectionViewDelegate.swift in Sources */ = {isa = PBXBuildFile; fileRef = D81C11D62A8AEDC8001A16E7 /* EmojiCollectionViewDelegate.swift */; };
		D81C11D92A8AF346001A16E7 /* ColorViewControllerDelegate.swift in Sources */ = {isa = PBXBuildFile; fileRef = D81C11D82A8AF346001A16E7 /* ColorViewControllerDelegate.swift */; };
		D81C11DC2A8AF4C1001A16E7 /* ColorsCollectionViewCell.swift in Sources */ = {isa = PBXBuildFile; fileRef = D81C11DB2A8AF4C1001A16E7 /* ColorsCollectionViewCell.swift */; };
		D82DE94E2A964D7E0028DF70 /* TrackerCoreData+extension.swift in Sources */ = {isa = PBXBuildFile; fileRef = D82DE94D2A964D7E0028DF70 /* TrackerCoreData+extension.swift */; };
		D82DE9532A96A9980028DF70 /* DaysConverter.swift in Sources */ = {isa = PBXBuildFile; fileRef = D82DE9522A96A9980028DF70 /* DaysConverter.swift */; };
		D82DE9802A9F72740028DF70 /* OnboardingViewController.swift in Sources */ = {isa = PBXBuildFile; fileRef = D82DE97F2A9F72740028DF70 /* OnboardingViewController.swift */; };
		D82DE9832AA07CEC0028DF70 /* SelectGroupViewController.swift in Sources */ = {isa = PBXBuildFile; fileRef = D82DE9822AA07CEC0028DF70 /* SelectGroupViewController.swift */; };
		D82DE9862AA0CA9C0028DF70 /* SelectGroupViewModel.swift in Sources */ = {isa = PBXBuildFile; fileRef = D82DE9852AA0CA9C0028DF70 /* SelectGroupViewModel.swift */; };
		D82DE9882AA10CB50028DF70 /* CreateCategoryViewController.swift in Sources */ = {isa = PBXBuildFile; fileRef = D82DE9872AA10CB50028DF70 /* CreateCategoryViewController.swift */; };
		D82DE98A2AA11DA60028DF70 /* Observable.swift in Sources */ = {isa = PBXBuildFile; fileRef = D82DE9892AA11DA60028DF70 /* Observable.swift */; };
		D82DE98C2AA281DF0028DF70 /* UserDefaultsBacked.swift in Sources */ = {isa = PBXBuildFile; fileRef = D82DE98B2AA281DF0028DF70 /* UserDefaultsBacked.swift */; };
		D84558E92A8D7B2400A225DD /* Alert.swift in Sources */ = {isa = PBXBuildFile; fileRef = D84558E82A8D7B2400A225DD /* Alert.swift */; };
		D84559172A9347EE00A225DD /* TrackerCoreDataModel.xcdatamodeld in Sources */ = {isa = PBXBuildFile; fileRef = D84559152A9347EE00A225DD /* TrackerCoreDataModel.xcdatamodeld */; };
		D84559192A934F8500A225DD /* TrackerStore.swift in Sources */ = {isa = PBXBuildFile; fileRef = D84559182A934F8500A225DD /* TrackerStore.swift */; };
		D845591B2A934FA300A225DD /* TrackerCategoryStore.swift in Sources */ = {isa = PBXBuildFile; fileRef = D845591A2A934FA300A225DD /* TrackerCategoryStore.swift */; };
		D845591D2A934FB300A225DD /* TrackerRecordStore.swift in Sources */ = {isa = PBXBuildFile; fileRef = D845591C2A934FB200A225DD /* TrackerRecordStore.swift */; };
		D845591F2A935AD500A225DD /* ColorToHEX.swift in Sources */ = {isa = PBXBuildFile; fileRef = D845591E2A935AD500A225DD /* ColorToHEX.swift */; };
		D84559212A93632300A225DD /* DataProviderProtocol.swift in Sources */ = {isa = PBXBuildFile; fileRef = D84559202A93632300A225DD /* DataProviderProtocol.swift */; };
		D84559262A93B08F00A225DD /* TrackersViewController+TrackerStoreDelegate.swift in Sources */ = {isa = PBXBuildFile; fileRef = D84559252A93B08F00A225DD /* TrackersViewController+TrackerStoreDelegate.swift */; };
		D882CF3F2AA2C94F001A23B6 /* Array+extension.swift in Sources */ = {isa = PBXBuildFile; fileRef = D882CF3E2AA2C94F001A23B6 /* Array+extension.swift */; };
		D882CF412AA60F34001A23B6 /* SelectGroupTableViewCell.swift in Sources */ = {isa = PBXBuildFile; fileRef = D882CF402AA60F34001A23B6 /* SelectGroupTableViewCell.swift */; };
		D882CF432AA67E20001A23B6 /* EditCategoryViewController.swift in Sources */ = {isa = PBXBuildFile; fileRef = D882CF422AA67E20001A23B6 /* EditCategoryViewController.swift */; };
		D882CF452AA72CD3001A23B6 /* SelectGroupViewController+UITableViewDelegate.swift in Sources */ = {isa = PBXBuildFile; fileRef = D882CF442AA72CD3001A23B6 /* SelectGroupViewController+UITableViewDelegate.swift */; };
		D882CF472AA72CFC001A23B6 /* SelectGroupViewController+UITableViewDataSource.swift in Sources */ = {isa = PBXBuildFile; fileRef = D882CF462AA72CFC001A23B6 /* SelectGroupViewController+UITableViewDataSource.swift */; };
		D882CF492AA731A7001A23B6 /* UIViewController+extension.swift in Sources */ = {isa = PBXBuildFile; fileRef = D882CF482AA731A7001A23B6 /* UIViewController+extension.swift */; };
		D882CF4B2AA731E0001A23B6 /* CreateTrackerViewController+UITableViewDataSource.swift in Sources */ = {isa = PBXBuildFile; fileRef = D882CF4A2AA731E0001A23B6 /* CreateTrackerViewController+UITableViewDataSource.swift */; };
		D882CF4D2AA73207001A23B6 /* CreateTrackerViewController+UITableViewDelegate.swift in Sources */ = {isa = PBXBuildFile; fileRef = D882CF4C2AA73207001A23B6 /* CreateTrackerViewController+UITableViewDelegate.swift */; };
		D882CF4F2AA871A4001A23B6 /* CreateGroupViewModel.swift in Sources */ = {isa = PBXBuildFile; fileRef = D882CF4E2AA871A4001A23B6 /* CreateGroupViewModel.swift */; };
		D882CF512AA876A9001A23B6 /* EditCategoryViewModel.swift in Sources */ = {isa = PBXBuildFile; fileRef = D882CF502AA876A9001A23B6 /* EditCategoryViewModel.swift */; };
/* End PBXBuildFile section */

/* Begin PBXFileReference section */
		8B36FCBB2A7E27C5000DF488 /* Tracker.app */ = {isa = PBXFileReference; explicitFileType = wrapper.application; includeInIndex = 0; path = Tracker.app; sourceTree = BUILT_PRODUCTS_DIR; };
		8B36FCBE2A7E27C5000DF488 /* AppDelegate.swift */ = {isa = PBXFileReference; lastKnownFileType = sourcecode.swift; path = AppDelegate.swift; sourceTree = "<group>"; };
		8B36FCC02A7E27C5000DF488 /* SceneDelegate.swift */ = {isa = PBXFileReference; lastKnownFileType = sourcecode.swift; path = SceneDelegate.swift; sourceTree = "<group>"; };
		8B36FCC72A7E27CA000DF488 /* Assets.xcassets */ = {isa = PBXFileReference; lastKnownFileType = folder.assetcatalog; path = Assets.xcassets; sourceTree = "<group>"; };
		8B36FCCA2A7E27CA000DF488 /* Base */ = {isa = PBXFileReference; lastKnownFileType = file.storyboard; name = Base; path = Base.lproj/LaunchScreen.storyboard; sourceTree = "<group>"; };
		8B36FCCC2A7E27CA000DF488 /* Info.plist */ = {isa = PBXFileReference; lastKnownFileType = text.plist.xml; path = Info.plist; sourceTree = "<group>"; };
		8B36FD3B2A838CE7000DF488 /* Colors.swift */ = {isa = PBXFileReference; lastKnownFileType = sourcecode.swift; path = Colors.swift; sourceTree = "<group>"; };
		8B36FD3D2A83ADA4000DF488 /* TabBarController.swift */ = {isa = PBXFileReference; lastKnownFileType = sourcecode.swift; path = TabBarController.swift; sourceTree = "<group>"; };
		8B36FD3F2A83AE39000DF488 /* TrackersViewController.swift */ = {isa = PBXFileReference; lastKnownFileType = sourcecode.swift; path = TrackersViewController.swift; sourceTree = "<group>"; };
		8B36FD412A83AEC2000DF488 /* StatisticViewController.swift */ = {isa = PBXFileReference; lastKnownFileType = sourcecode.swift; path = StatisticViewController.swift; sourceTree = "<group>"; };
		8B36FD452A83B4D5000DF488 /* Consts.swift */ = {isa = PBXFileReference; lastKnownFileType = sourcecode.swift; path = Consts.swift; sourceTree = "<group>"; };
		8B36FD472A84DE62000DF488 /* SelectTrackerViewController.swift */ = {isa = PBXFileReference; lastKnownFileType = sourcecode.swift; path = SelectTrackerViewController.swift; sourceTree = "<group>"; };
		8B36FD492A850D8A000DF488 /* CreateTrackerViewController.swift */ = {isa = PBXFileReference; lastKnownFileType = sourcecode.swift; path = CreateTrackerViewController.swift; sourceTree = "<group>"; };
		8B36FD4B2A8770E8000DF488 /* CreateScheduleViewController.swift */ = {isa = PBXFileReference; lastKnownFileType = sourcecode.swift; path = CreateScheduleViewController.swift; sourceTree = "<group>"; };
		8B36FD4E2A87949D000DF488 /* DaysModels.swift */ = {isa = PBXFileReference; lastKnownFileType = sourcecode.swift; path = DaysModels.swift; sourceTree = "<group>"; };
		8B36FD502A87CFC8000DF488 /* TrackerCollectionViewCell.swift */ = {isa = PBXFileReference; lastKnownFileType = sourcecode.swift; path = TrackerCollectionViewCell.swift; sourceTree = "<group>"; };
		8B36FD532A8820EB000DF488 /* TrackersModels.swift */ = {isa = PBXFileReference; lastKnownFileType = sourcecode.swift; path = TrackersModels.swift; sourceTree = "<group>"; };
		8B36FD552A883894000DF488 /* SupplementaryView.swift */ = {isa = PBXFileReference; lastKnownFileType = sourcecode.swift; path = SupplementaryView.swift; sourceTree = "<group>"; };
		8B36FD572A8A44BB000DF488 /* TrackersViewController+UISearchResultsUpdating.swift */ = {isa = PBXFileReference; lastKnownFileType = sourcecode.swift; path = "TrackersViewController+UISearchResultsUpdating.swift"; sourceTree = "<group>"; };
		8B36FD592A8A44FD000DF488 /* TrackersViewController+UICollectionViewDelegateFlowLayout.swift */ = {isa = PBXFileReference; lastKnownFileType = sourcecode.swift; path = "TrackersViewController+UICollectionViewDelegateFlowLayout.swift"; sourceTree = "<group>"; };
		8B36FD5B2A8A452C000DF488 /* TrackersViewController+UICollectionViewDataSource.swift */ = {isa = PBXFileReference; lastKnownFileType = sourcecode.swift; path = "TrackersViewController+UICollectionViewDataSource.swift"; sourceTree = "<group>"; };
		D81C11D42A8AE3E5001A16E7 /* EmojiCollectionViewCell.swift */ = {isa = PBXFileReference; lastKnownFileType = sourcecode.swift; path = EmojiCollectionViewCell.swift; sourceTree = "<group>"; };
		D81C11D62A8AEDC8001A16E7 /* EmojiCollectionViewDelegate.swift */ = {isa = PBXFileReference; lastKnownFileType = sourcecode.swift; path = EmojiCollectionViewDelegate.swift; sourceTree = "<group>"; };
		D81C11D82A8AF346001A16E7 /* ColorViewControllerDelegate.swift */ = {isa = PBXFileReference; lastKnownFileType = sourcecode.swift; path = ColorViewControllerDelegate.swift; sourceTree = "<group>"; };
		D81C11DB2A8AF4C1001A16E7 /* ColorsCollectionViewCell.swift */ = {isa = PBXFileReference; lastKnownFileType = sourcecode.swift; path = ColorsCollectionViewCell.swift; sourceTree = "<group>"; };
		D82DE94D2A964D7E0028DF70 /* TrackerCoreData+extension.swift */ = {isa = PBXFileReference; lastKnownFileType = sourcecode.swift; path = "TrackerCoreData+extension.swift"; sourceTree = "<group>"; };
		D82DE9522A96A9980028DF70 /* DaysConverter.swift */ = {isa = PBXFileReference; lastKnownFileType = sourcecode.swift; path = DaysConverter.swift; sourceTree = "<group>"; };
		D82DE97F2A9F72740028DF70 /* OnboardingViewController.swift */ = {isa = PBXFileReference; lastKnownFileType = sourcecode.swift; path = OnboardingViewController.swift; sourceTree = "<group>"; };
		D82DE9822AA07CEC0028DF70 /* SelectGroupViewController.swift */ = {isa = PBXFileReference; lastKnownFileType = sourcecode.swift; path = SelectGroupViewController.swift; sourceTree = "<group>"; };
		D82DE9852AA0CA9C0028DF70 /* SelectGroupViewModel.swift */ = {isa = PBXFileReference; lastKnownFileType = sourcecode.swift; path = SelectGroupViewModel.swift; sourceTree = "<group>"; };
		D82DE9872AA10CB50028DF70 /* CreateCategoryViewController.swift */ = {isa = PBXFileReference; lastKnownFileType = sourcecode.swift; path = CreateCategoryViewController.swift; sourceTree = "<group>"; };
		D82DE9892AA11DA60028DF70 /* Observable.swift */ = {isa = PBXFileReference; fileEncoding = 4; lastKnownFileType = sourcecode.swift; path = Observable.swift; sourceTree = "<group>"; };
		D82DE98B2AA281DF0028DF70 /* UserDefaultsBacked.swift */ = {isa = PBXFileReference; lastKnownFileType = sourcecode.swift; path = UserDefaultsBacked.swift; sourceTree = "<group>"; };
		D84558E82A8D7B2400A225DD /* Alert.swift */ = {isa = PBXFileReference; lastKnownFileType = sourcecode.swift; path = Alert.swift; sourceTree = "<group>"; };
		D84559162A9347EE00A225DD /* TrackerCoreDataModel.xcdatamodel */ = {isa = PBXFileReference; lastKnownFileType = wrapper.xcdatamodel; path = TrackerCoreDataModel.xcdatamodel; sourceTree = "<group>"; };
		D84559182A934F8500A225DD /* TrackerStore.swift */ = {isa = PBXFileReference; lastKnownFileType = sourcecode.swift; path = TrackerStore.swift; sourceTree = "<group>"; };
		D845591A2A934FA300A225DD /* TrackerCategoryStore.swift */ = {isa = PBXFileReference; lastKnownFileType = sourcecode.swift; path = TrackerCategoryStore.swift; sourceTree = "<group>"; };
		D845591C2A934FB200A225DD /* TrackerRecordStore.swift */ = {isa = PBXFileReference; lastKnownFileType = sourcecode.swift; path = TrackerRecordStore.swift; sourceTree = "<group>"; };
		D845591E2A935AD500A225DD /* ColorToHEX.swift */ = {isa = PBXFileReference; lastKnownFileType = sourcecode.swift; path = ColorToHEX.swift; sourceTree = "<group>"; };
		D84559202A93632300A225DD /* DataProviderProtocol.swift */ = {isa = PBXFileReference; lastKnownFileType = sourcecode.swift; path = DataProviderProtocol.swift; sourceTree = "<group>"; };
		D84559252A93B08F00A225DD /* TrackersViewController+TrackerStoreDelegate.swift */ = {isa = PBXFileReference; lastKnownFileType = sourcecode.swift; path = "TrackersViewController+TrackerStoreDelegate.swift"; sourceTree = "<group>"; };
		D882CF3E2AA2C94F001A23B6 /* Array+extension.swift */ = {isa = PBXFileReference; lastKnownFileType = sourcecode.swift; path = "Array+extension.swift"; sourceTree = "<group>"; };
		D882CF402AA60F34001A23B6 /* SelectGroupTableViewCell.swift */ = {isa = PBXFileReference; lastKnownFileType = sourcecode.swift; path = SelectGroupTableViewCell.swift; sourceTree = "<group>"; };
		D882CF422AA67E20001A23B6 /* EditCategoryViewController.swift */ = {isa = PBXFileReference; lastKnownFileType = sourcecode.swift; path = EditCategoryViewController.swift; sourceTree = "<group>"; };
		D882CF442AA72CD3001A23B6 /* SelectGroupViewController+UITableViewDelegate.swift */ = {isa = PBXFileReference; lastKnownFileType = sourcecode.swift; path = "SelectGroupViewController+UITableViewDelegate.swift"; sourceTree = "<group>"; };
		D882CF462AA72CFC001A23B6 /* SelectGroupViewController+UITableViewDataSource.swift */ = {isa = PBXFileReference; lastKnownFileType = sourcecode.swift; path = "SelectGroupViewController+UITableViewDataSource.swift"; sourceTree = "<group>"; };
		D882CF482AA731A7001A23B6 /* UIViewController+extension.swift */ = {isa = PBXFileReference; lastKnownFileType = sourcecode.swift; path = "UIViewController+extension.swift"; sourceTree = "<group>"; };
		D882CF4A2AA731E0001A23B6 /* CreateTrackerViewController+UITableViewDataSource.swift */ = {isa = PBXFileReference; lastKnownFileType = sourcecode.swift; path = "CreateTrackerViewController+UITableViewDataSource.swift"; sourceTree = "<group>"; };
		D882CF4C2AA73207001A23B6 /* CreateTrackerViewController+UITableViewDelegate.swift */ = {isa = PBXFileReference; lastKnownFileType = sourcecode.swift; path = "CreateTrackerViewController+UITableViewDelegate.swift"; sourceTree = "<group>"; };
		D882CF4E2AA871A4001A23B6 /* CreateGroupViewModel.swift */ = {isa = PBXFileReference; lastKnownFileType = sourcecode.swift; path = CreateGroupViewModel.swift; sourceTree = "<group>"; };
		D882CF502AA876A9001A23B6 /* EditCategoryViewModel.swift */ = {isa = PBXFileReference; lastKnownFileType = sourcecode.swift; path = EditCategoryViewModel.swift; sourceTree = "<group>"; };
/* End PBXFileReference section */

/* Begin PBXFrameworksBuildPhase section */
		8B36FCB82A7E27C5000DF488 /* Frameworks */ = {
			isa = PBXFrameworksBuildPhase;
			buildActionMask = 2147483647;
			files = (
			);
			runOnlyForDeploymentPostprocessing = 0;
		};
/* End PBXFrameworksBuildPhase section */

/* Begin PBXGroup section */
		8B36FCB22A7E27C5000DF488 = {
			isa = PBXGroup;
			children = (
				8B36FCBD2A7E27C5000DF488 /* Tracker */,
				8B36FCBC2A7E27C5000DF488 /* Products */,
			);
			sourceTree = "<group>";
		};
		8B36FCBC2A7E27C5000DF488 /* Products */ = {
			isa = PBXGroup;
			children = (
				8B36FCBB2A7E27C5000DF488 /* Tracker.app */,
			);
			name = Products;
			sourceTree = "<group>";
		};
		8B36FCBD2A7E27C5000DF488 /* Tracker */ = {
			isa = PBXGroup;
			children = (
				8B36FCC72A7E27CA000DF488 /* Assets.xcassets */,
				8B36FCC92A7E27CA000DF488 /* LaunchScreen.storyboard */,
				8B36FCCC2A7E27CA000DF488 /* Info.plist */,
				8B36FCBE2A7E27C5000DF488 /* AppDelegate.swift */,
				8B36FCC02A7E27C5000DF488 /* SceneDelegate.swift */,
				D82DE97E2A9F72550028DF70 /* Onboarding */,
				D84559142A9347B200A225DD /* CoreData */,
				8B36FD4D2A87947F000DF488 /* Models */,
				8B36FD442A83B4C3000DF488 /* Utils */,
				8B36FD432A83AF6E000DF488 /* ViewControllers */,
			);
			path = Tracker;
			sourceTree = "<group>";
		};
		8B36FD432A83AF6E000DF488 /* ViewControllers */ = {
			isa = PBXGroup;
			children = (
				8B36FD522A87D03C000DF488 /* TrackersView */,
				8B36FD3D2A83ADA4000DF488 /* TabBarController.swift */,
				8B36FD472A84DE62000DF488 /* SelectTrackerViewController.swift */,
				D81C11CE2A8AE154001A16E7 /* CreateTrackerView */,
				8B36FD412A83AEC2000DF488 /* StatisticViewController.swift */,
				8B36FD4B2A8770E8000DF488 /* CreateScheduleViewController.swift */,
				D82DE9842AA07EDF0028DF70 /* Category */,
			);
			path = ViewControllers;
			sourceTree = "<group>";
		};
		8B36FD442A83B4C3000DF488 /* Utils */ = {
			isa = PBXGroup;
			children = (
				D82DE9892AA11DA60028DF70 /* Observable.swift */,
				8B36FD3B2A838CE7000DF488 /* Colors.swift */,
				8B36FD452A83B4D5000DF488 /* Consts.swift */,
				D84558E82A8D7B2400A225DD /* Alert.swift */,
				D845591E2A935AD500A225DD /* ColorToHEX.swift */,
				D82DE9522A96A9980028DF70 /* DaysConverter.swift */,
				D82DE98B2AA281DF0028DF70 /* UserDefaultsBacked.swift */,
				D882CF3E2AA2C94F001A23B6 /* Array+extension.swift */,
				D882CF482AA731A7001A23B6 /* UIViewController+extension.swift */,
			);
			path = Utils;
			sourceTree = "<group>";
		};
		8B36FD4D2A87947F000DF488 /* Models */ = {
			isa = PBXGroup;
			children = (
				8B36FD4E2A87949D000DF488 /* DaysModels.swift */,
				8B36FD532A8820EB000DF488 /* TrackersModels.swift */,
			);
			path = Models;
			sourceTree = "<group>";
		};
		8B36FD522A87D03C000DF488 /* TrackersView */ = {
			isa = PBXGroup;
			children = (
				8B36FD3F2A83AE39000DF488 /* TrackersViewController.swift */,
				8B36FD502A87CFC8000DF488 /* TrackerCollectionViewCell.swift */,
				8B36FD552A883894000DF488 /* SupplementaryView.swift */,
				8B36FD5D2A8A4544000DF488 /* extensions */,
			);
			path = TrackersView;
			sourceTree = "<group>";
		};
		8B36FD5D2A8A4544000DF488 /* extensions */ = {
			isa = PBXGroup;
			children = (
				8B36FD572A8A44BB000DF488 /* TrackersViewController+UISearchResultsUpdating.swift */,
				8B36FD592A8A44FD000DF488 /* TrackersViewController+UICollectionViewDelegateFlowLayout.swift */,
				8B36FD5B2A8A452C000DF488 /* TrackersViewController+UICollectionViewDataSource.swift */,
				D84559252A93B08F00A225DD /* TrackersViewController+TrackerStoreDelegate.swift */,
			);
			path = extensions;
			sourceTree = "<group>";
		};
		D81C11CE2A8AE154001A16E7 /* CreateTrackerView */ = {
			isa = PBXGroup;
			children = (
				8B36FD492A850D8A000DF488 /* CreateTrackerViewController.swift */,
				D882CF4C2AA73207001A23B6 /* CreateTrackerViewController+UITableViewDelegate.swift */,
				D882CF4A2AA731E0001A23B6 /* CreateTrackerViewController+UITableViewDataSource.swift */,
				D81C11DA2A8AF498001A16E7 /* Cells */,
				D81C11D12A8AE207001A16E7 /* CollectionsDelegate */,
			);
			path = CreateTrackerView;
			sourceTree = "<group>";
		};
		D81C11D12A8AE207001A16E7 /* CollectionsDelegate */ = {
			isa = PBXGroup;
			children = (
				D81C11D62A8AEDC8001A16E7 /* EmojiCollectionViewDelegate.swift */,
				D81C11D82A8AF346001A16E7 /* ColorViewControllerDelegate.swift */,
			);
			path = CollectionsDelegate;
			sourceTree = "<group>";
		};
		D81C11DA2A8AF498001A16E7 /* Cells */ = {
			isa = PBXGroup;
			children = (
				D81C11D42A8AE3E5001A16E7 /* EmojiCollectionViewCell.swift */,
				D81C11DB2A8AF4C1001A16E7 /* ColorsCollectionViewCell.swift */,
			);
			path = Cells;
			sourceTree = "<group>";
		};
		D82DE97E2A9F72550028DF70 /* Onboarding */ = {
			isa = PBXGroup;
			children = (
				D82DE97F2A9F72740028DF70 /* OnboardingViewController.swift */,
			);
			path = Onboarding;
			sourceTree = "<group>";
		};
		D82DE9842AA07EDF0028DF70 /* Category */ = {
			isa = PBXGroup;
			children = (
				D882CF522AA87764001A23B6 /* SelectCategoryScreen */,
				D882CF532AA87775001A23B6 /* CreateCategoryScreen */,
				D882CF542AA87787001A23B6 /* EditCategoryScreen */,
			);
			path = Category;
			sourceTree = "<group>";
		};
		D84559142A9347B200A225DD /* CoreData */ = {
			isa = PBXGroup;
			children = (
				D84559182A934F8500A225DD /* TrackerStore.swift */,
				D845591C2A934FB200A225DD /* TrackerRecordStore.swift */,
				D845591A2A934FA300A225DD /* TrackerCategoryStore.swift */,
				D84559232A93634C00A225DD /* Protocols */,
				D84559222A93633800A225DD /* CoreDate */,
			);
			path = CoreData;
			sourceTree = "<group>";
		};
		D84559222A93633800A225DD /* CoreDate */ = {
			isa = PBXGroup;
			children = (
				D82DE94D2A964D7E0028DF70 /* TrackerCoreData+extension.swift */,
				D84559152A9347EE00A225DD /* TrackerCoreDataModel.xcdatamodeld */,
			);
			path = CoreDate;
			sourceTree = "<group>";
		};
		D84559232A93634C00A225DD /* Protocols */ = {
			isa = PBXGroup;
			children = (
				D84559202A93632300A225DD /* DataProviderProtocol.swift */,
			);
			path = Protocols;
			sourceTree = "<group>";
		};
		D882CF522AA87764001A23B6 /* SelectCategoryScreen */ = {
			isa = PBXGroup;
			children = (
				D82DE9822AA07CEC0028DF70 /* SelectGroupViewController.swift */,
				D882CF462AA72CFC001A23B6 /* SelectGroupViewController+UITableViewDataSource.swift */,
				D882CF442AA72CD3001A23B6 /* SelectGroupViewController+UITableViewDelegate.swift */,
				D882CF402AA60F34001A23B6 /* SelectGroupTableViewCell.swift */,
				D82DE9852AA0CA9C0028DF70 /* SelectGroupViewModel.swift */,
			);
			path = SelectCategoryScreen;
			sourceTree = "<group>";
		};
		D882CF532AA87775001A23B6 /* CreateCategoryScreen */ = {
			isa = PBXGroup;
			children = (
				D82DE9872AA10CB50028DF70 /* CreateCategoryViewController.swift */,
				D882CF4E2AA871A4001A23B6 /* CreateGroupViewModel.swift */,
			);
			path = CreateCategoryScreen;
			sourceTree = "<group>";
		};
		D882CF542AA87787001A23B6 /* EditCategoryScreen */ = {
			isa = PBXGroup;
			children = (
				D882CF422AA67E20001A23B6 /* EditCategoryViewController.swift */,
				D882CF502AA876A9001A23B6 /* EditCategoryViewModel.swift */,
			);
			path = EditCategoryScreen;
			sourceTree = "<group>";
		};
/* End PBXGroup section */

/* Begin PBXNativeTarget section */
		8B36FCBA2A7E27C5000DF488 /* Tracker */ = {
			isa = PBXNativeTarget;
			buildConfigurationList = 8B36FCCF2A7E27CA000DF488 /* Build configuration list for PBXNativeTarget "Tracker" */;
			buildPhases = (
				8B36FCB72A7E27C5000DF488 /* Sources */,
				8B36FCB82A7E27C5000DF488 /* Frameworks */,
				8B36FCB92A7E27C5000DF488 /* Resources */,
			);
			buildRules = (
			);
			dependencies = (
			);
			name = Tracker;
			productName = Tracker;
			productReference = 8B36FCBB2A7E27C5000DF488 /* Tracker.app */;
			productType = "com.apple.product-type.application";
		};
/* End PBXNativeTarget section */

/* Begin PBXProject section */
		8B36FCB32A7E27C5000DF488 /* Project object */ = {
			isa = PBXProject;
			attributes = {
				BuildIndependentTargetsInParallel = 1;
				LastSwiftUpdateCheck = 1340;
				LastUpgradeCheck = 1340;
				TargetAttributes = {
					8B36FCBA2A7E27C5000DF488 = {
						CreatedOnToolsVersion = 13.4.1;
					};
				};
			};
			buildConfigurationList = 8B36FCB62A7E27C5000DF488 /* Build configuration list for PBXProject "Tracker" */;
			compatibilityVersion = "Xcode 13.0";
			developmentRegion = en;
			hasScannedForEncodings = 0;
			knownRegions = (
				en,
				Base,
			);
			mainGroup = 8B36FCB22A7E27C5000DF488;
			productRefGroup = 8B36FCBC2A7E27C5000DF488 /* Products */;
			projectDirPath = "";
			projectRoot = "";
			targets = (
				8B36FCBA2A7E27C5000DF488 /* Tracker */,
			);
		};
/* End PBXProject section */

/* Begin PBXResourcesBuildPhase section */
		8B36FCB92A7E27C5000DF488 /* Resources */ = {
			isa = PBXResourcesBuildPhase;
			buildActionMask = 2147483647;
			files = (
				8B36FCCB2A7E27CA000DF488 /* LaunchScreen.storyboard in Resources */,
				8B36FCC82A7E27CA000DF488 /* Assets.xcassets in Resources */,
			);
			runOnlyForDeploymentPostprocessing = 0;
		};
/* End PBXResourcesBuildPhase section */

/* Begin PBXSourcesBuildPhase section */
		8B36FCB72A7E27C5000DF488 /* Sources */ = {
			isa = PBXSourcesBuildPhase;
			buildActionMask = 2147483647;
			files = (
				D882CF4B2AA731E0001A23B6 /* CreateTrackerViewController+UITableViewDataSource.swift in Sources */,
				D82DE9832AA07CEC0028DF70 /* SelectGroupViewController.swift in Sources */,
				D82DE98C2AA281DF0028DF70 /* UserDefaultsBacked.swift in Sources */,
				D882CF432AA67E20001A23B6 /* EditCategoryViewController.swift in Sources */,
				8B36FD4A2A850D8A000DF488 /* CreateTrackerViewController.swift in Sources */,
				8B36FD542A8820EB000DF488 /* TrackersModels.swift in Sources */,
				D882CF472AA72CFC001A23B6 /* SelectGroupViewController+UITableViewDataSource.swift in Sources */,
				8B36FD562A883895000DF488 /* SupplementaryView.swift in Sources */,
				D82DE98A2AA11DA60028DF70 /* Observable.swift in Sources */,
				8B36FD5C2A8A452C000DF488 /* TrackersViewController+UICollectionViewDataSource.swift in Sources */,
				8B36FD512A87CFC8000DF488 /* TrackerCollectionViewCell.swift in Sources */,
				D845591D2A934FB300A225DD /* TrackerRecordStore.swift in Sources */,
				8B36FD422A83AEC2000DF488 /* StatisticViewController.swift in Sources */,
				D84559262A93B08F00A225DD /* TrackersViewController+TrackerStoreDelegate.swift in Sources */,
				8B36FD3C2A838CE7000DF488 /* Colors.swift in Sources */,
				D81C11D52A8AE3E5001A16E7 /* EmojiCollectionViewCell.swift in Sources */,
				D84558E92A8D7B2400A225DD /* Alert.swift in Sources */,
				D82DE9882AA10CB50028DF70 /* CreateCategoryViewController.swift in Sources */,
				8B36FCBF2A7E27C5000DF488 /* AppDelegate.swift in Sources */,
				D81C11D72A8AEDC8001A16E7 /* EmojiCollectionViewDelegate.swift in Sources */,
				8B36FD3E2A83ADA4000DF488 /* TabBarController.swift in Sources */,
				D84559172A9347EE00A225DD /* TrackerCoreDataModel.xcdatamodeld in Sources */,
				8B36FD4C2A8770E8000DF488 /* CreateScheduleViewController.swift in Sources */,
				D84559192A934F8500A225DD /* TrackerStore.swift in Sources */,
				D882CF4D2AA73207001A23B6 /* CreateTrackerViewController+UITableViewDelegate.swift in Sources */,
				D82DE94E2A964D7E0028DF70 /* TrackerCoreData+extension.swift in Sources */,
				D882CF412AA60F34001A23B6 /* SelectGroupTableViewCell.swift in Sources */,
				8B36FD5A2A8A44FD000DF488 /* TrackersViewController+UICollectionViewDelegateFlowLayout.swift in Sources */,
				D882CF4F2AA871A4001A23B6 /* CreateGroupViewModel.swift in Sources */,
				D845591B2A934FA300A225DD /* TrackerCategoryStore.swift in Sources */,
				D81C11DC2A8AF4C1001A16E7 /* ColorsCollectionViewCell.swift in Sources */,
				D882CF512AA876A9001A23B6 /* EditCategoryViewModel.swift in Sources */,
				8B36FD582A8A44BC000DF488 /* TrackersViewController+UISearchResultsUpdating.swift in Sources */,
				8B36FD482A84DE63000DF488 /* SelectTrackerViewController.swift in Sources */,
				D845591F2A935AD500A225DD /* ColorToHEX.swift in Sources */,
				D882CF492AA731A7001A23B6 /* UIViewController+extension.swift in Sources */,
				D81C11D92A8AF346001A16E7 /* ColorViewControllerDelegate.swift in Sources */,
				8B36FD462A83B4D5000DF488 /* Consts.swift in Sources */,
				D82DE9532A96A9980028DF70 /* DaysConverter.swift in Sources */,
				D82DE9802A9F72740028DF70 /* OnboardingViewController.swift in Sources */,
				D84559212A93632300A225DD /* DataProviderProtocol.swift in Sources */,
				D882CF3F2AA2C94F001A23B6 /* Array+extension.swift in Sources */,
				8B36FCC12A7E27C5000DF488 /* SceneDelegate.swift in Sources */,
				8B36FD4F2A87949E000DF488 /* DaysModels.swift in Sources */,
				D882CF452AA72CD3001A23B6 /* SelectGroupViewController+UITableViewDelegate.swift in Sources */,
				D82DE9862AA0CA9C0028DF70 /* SelectGroupViewModel.swift in Sources */,
				8B36FD402A83AE39000DF488 /* TrackersViewController.swift in Sources */,
			);
			runOnlyForDeploymentPostprocessing = 0;
		};
/* End PBXSourcesBuildPhase section */

/* Begin PBXVariantGroup section */
		8B36FCC92A7E27CA000DF488 /* LaunchScreen.storyboard */ = {
			isa = PBXVariantGroup;
			children = (
				8B36FCCA2A7E27CA000DF488 /* Base */,
			);
			name = LaunchScreen.storyboard;
			sourceTree = "<group>";
		};
/* End PBXVariantGroup section */

/* Begin XCBuildConfiguration section */
		8B36FCCD2A7E27CA000DF488 /* Debug */ = {
			isa = XCBuildConfiguration;
			buildSettings = {
				ALWAYS_SEARCH_USER_PATHS = NO;
				CLANG_ANALYZER_NONNULL = YES;
				CLANG_ANALYZER_NUMBER_OBJECT_CONVERSION = YES_AGGRESSIVE;
				CLANG_CXX_LANGUAGE_STANDARD = "gnu++17";
				CLANG_ENABLE_MODULES = YES;
				CLANG_ENABLE_OBJC_ARC = YES;
				CLANG_ENABLE_OBJC_WEAK = YES;
				CLANG_WARN_BLOCK_CAPTURE_AUTORELEASING = YES;
				CLANG_WARN_BOOL_CONVERSION = YES;
				CLANG_WARN_COMMA = YES;
				CLANG_WARN_CONSTANT_CONVERSION = YES;
				CLANG_WARN_DEPRECATED_OBJC_IMPLEMENTATIONS = YES;
				CLANG_WARN_DIRECT_OBJC_ISA_USAGE = YES_ERROR;
				CLANG_WARN_DOCUMENTATION_COMMENTS = YES;
				CLANG_WARN_EMPTY_BODY = YES;
				CLANG_WARN_ENUM_CONVERSION = YES;
				CLANG_WARN_INFINITE_RECURSION = YES;
				CLANG_WARN_INT_CONVERSION = YES;
				CLANG_WARN_NON_LITERAL_NULL_CONVERSION = YES;
				CLANG_WARN_OBJC_IMPLICIT_RETAIN_SELF = YES;
				CLANG_WARN_OBJC_LITERAL_CONVERSION = YES;
				CLANG_WARN_OBJC_ROOT_CLASS = YES_ERROR;
				CLANG_WARN_QUOTED_INCLUDE_IN_FRAMEWORK_HEADER = YES;
				CLANG_WARN_RANGE_LOOP_ANALYSIS = YES;
				CLANG_WARN_STRICT_PROTOTYPES = YES;
				CLANG_WARN_SUSPICIOUS_MOVE = YES;
				CLANG_WARN_UNGUARDED_AVAILABILITY = YES_AGGRESSIVE;
				CLANG_WARN_UNREACHABLE_CODE = YES;
				CLANG_WARN__DUPLICATE_METHOD_MATCH = YES;
				COPY_PHASE_STRIP = NO;
				DEBUG_INFORMATION_FORMAT = dwarf;
				ENABLE_STRICT_OBJC_MSGSEND = YES;
				ENABLE_TESTABILITY = YES;
				GCC_C_LANGUAGE_STANDARD = gnu11;
				GCC_DYNAMIC_NO_PIC = NO;
				GCC_NO_COMMON_BLOCKS = YES;
				GCC_OPTIMIZATION_LEVEL = 0;
				GCC_PREPROCESSOR_DEFINITIONS = (
					"DEBUG=1",
					"$(inherited)",
				);
				GCC_WARN_64_TO_32_BIT_CONVERSION = YES;
				GCC_WARN_ABOUT_RETURN_TYPE = YES_ERROR;
				GCC_WARN_UNDECLARED_SELECTOR = YES;
				GCC_WARN_UNINITIALIZED_AUTOS = YES_AGGRESSIVE;
				GCC_WARN_UNUSED_FUNCTION = YES;
				GCC_WARN_UNUSED_VARIABLE = YES;
				IPHONEOS_DEPLOYMENT_TARGET = 13.4;
				MTL_ENABLE_DEBUG_INFO = INCLUDE_SOURCE;
				MTL_FAST_MATH = YES;
				ONLY_ACTIVE_ARCH = YES;
				SDKROOT = iphoneos;
				SWIFT_ACTIVE_COMPILATION_CONDITIONS = DEBUG;
				SWIFT_OPTIMIZATION_LEVEL = "-Onone";
			};
			name = Debug;
		};
		8B36FCCE2A7E27CA000DF488 /* Release */ = {
			isa = XCBuildConfiguration;
			buildSettings = {
				ALWAYS_SEARCH_USER_PATHS = NO;
				CLANG_ANALYZER_NONNULL = YES;
				CLANG_ANALYZER_NUMBER_OBJECT_CONVERSION = YES_AGGRESSIVE;
				CLANG_CXX_LANGUAGE_STANDARD = "gnu++17";
				CLANG_ENABLE_MODULES = YES;
				CLANG_ENABLE_OBJC_ARC = YES;
				CLANG_ENABLE_OBJC_WEAK = YES;
				CLANG_WARN_BLOCK_CAPTURE_AUTORELEASING = YES;
				CLANG_WARN_BOOL_CONVERSION = YES;
				CLANG_WARN_COMMA = YES;
				CLANG_WARN_CONSTANT_CONVERSION = YES;
				CLANG_WARN_DEPRECATED_OBJC_IMPLEMENTATIONS = YES;
				CLANG_WARN_DIRECT_OBJC_ISA_USAGE = YES_ERROR;
				CLANG_WARN_DOCUMENTATION_COMMENTS = YES;
				CLANG_WARN_EMPTY_BODY = YES;
				CLANG_WARN_ENUM_CONVERSION = YES;
				CLANG_WARN_INFINITE_RECURSION = YES;
				CLANG_WARN_INT_CONVERSION = YES;
				CLANG_WARN_NON_LITERAL_NULL_CONVERSION = YES;
				CLANG_WARN_OBJC_IMPLICIT_RETAIN_SELF = YES;
				CLANG_WARN_OBJC_LITERAL_CONVERSION = YES;
				CLANG_WARN_OBJC_ROOT_CLASS = YES_ERROR;
				CLANG_WARN_QUOTED_INCLUDE_IN_FRAMEWORK_HEADER = YES;
				CLANG_WARN_RANGE_LOOP_ANALYSIS = YES;
				CLANG_WARN_STRICT_PROTOTYPES = YES;
				CLANG_WARN_SUSPICIOUS_MOVE = YES;
				CLANG_WARN_UNGUARDED_AVAILABILITY = YES_AGGRESSIVE;
				CLANG_WARN_UNREACHABLE_CODE = YES;
				CLANG_WARN__DUPLICATE_METHOD_MATCH = YES;
				COPY_PHASE_STRIP = NO;
				DEBUG_INFORMATION_FORMAT = "dwarf-with-dsym";
				ENABLE_NS_ASSERTIONS = NO;
				ENABLE_STRICT_OBJC_MSGSEND = YES;
				GCC_C_LANGUAGE_STANDARD = gnu11;
				GCC_NO_COMMON_BLOCKS = YES;
				GCC_WARN_64_TO_32_BIT_CONVERSION = YES;
				GCC_WARN_ABOUT_RETURN_TYPE = YES_ERROR;
				GCC_WARN_UNDECLARED_SELECTOR = YES;
				GCC_WARN_UNINITIALIZED_AUTOS = YES_AGGRESSIVE;
				GCC_WARN_UNUSED_FUNCTION = YES;
				GCC_WARN_UNUSED_VARIABLE = YES;
				IPHONEOS_DEPLOYMENT_TARGET = 13.4;
				MTL_ENABLE_DEBUG_INFO = NO;
				MTL_FAST_MATH = YES;
				SDKROOT = iphoneos;
				SWIFT_COMPILATION_MODE = wholemodule;
				SWIFT_OPTIMIZATION_LEVEL = "-O";
				VALIDATE_PRODUCT = YES;
			};
			name = Release;
		};
		8B36FCD02A7E27CA000DF488 /* Debug */ = {
			isa = XCBuildConfiguration;
			buildSettings = {
				ASSETCATALOG_COMPILER_APPICON_NAME = AppIcon;
				ASSETCATALOG_COMPILER_GLOBAL_ACCENT_COLOR_NAME = AccentColor;
				CODE_SIGN_STYLE = Automatic;
				CURRENT_PROJECT_VERSION = 1;
				DEVELOPMENT_TEAM = 5W68B442C7;
				GENERATE_INFOPLIST_FILE = YES;
				INFOPLIST_FILE = Tracker/Info.plist;
				INFOPLIST_KEY_UIApplicationSupportsIndirectInputEvents = YES;
				INFOPLIST_KEY_UILaunchStoryboardName = LaunchScreen;
				INFOPLIST_KEY_UIMainStoryboardFile = LaunchScreen;
				INFOPLIST_KEY_UISupportedInterfaceOrientations = UIInterfaceOrientationPortrait;
				INFOPLIST_KEY_UISupportedInterfaceOrientations_iPad = UIInterfaceOrientationPortrait;
				INFOPLIST_KEY_UISupportedInterfaceOrientations_iPhone = UIInterfaceOrientationPortrait;
				IPHONEOS_DEPLOYMENT_TARGET = 13.4;
				LD_RUNPATH_SEARCH_PATHS = (
					"$(inherited)",
					"@executable_path/Frameworks",
				);
				MARKETING_VERSION = 1.0;
				PRODUCT_BUNDLE_IDENTIFIER = "ru.v-alekseev.yp.tracker.Tracker";
				PRODUCT_NAME = "$(TARGET_NAME)";
				SWIFT_EMIT_LOC_STRINGS = YES;
				SWIFT_VERSION = 5.0;
				TARGETED_DEVICE_FAMILY = 1;
			};
			name = Debug;
		};
		8B36FCD12A7E27CA000DF488 /* Release */ = {
			isa = XCBuildConfiguration;
			buildSettings = {
				ASSETCATALOG_COMPILER_APPICON_NAME = AppIcon;
				ASSETCATALOG_COMPILER_GLOBAL_ACCENT_COLOR_NAME = AccentColor;
				CODE_SIGN_STYLE = Automatic;
				CURRENT_PROJECT_VERSION = 1;
				DEVELOPMENT_TEAM = 5W68B442C7;
				GENERATE_INFOPLIST_FILE = YES;
				INFOPLIST_FILE = Tracker/Info.plist;
				INFOPLIST_KEY_UIApplicationSupportsIndirectInputEvents = YES;
				INFOPLIST_KEY_UILaunchStoryboardName = LaunchScreen;
				INFOPLIST_KEY_UIMainStoryboardFile = LaunchScreen;
				INFOPLIST_KEY_UISupportedInterfaceOrientations = UIInterfaceOrientationPortrait;
				INFOPLIST_KEY_UISupportedInterfaceOrientations_iPad = UIInterfaceOrientationPortrait;
				INFOPLIST_KEY_UISupportedInterfaceOrientations_iPhone = UIInterfaceOrientationPortrait;
				IPHONEOS_DEPLOYMENT_TARGET = 13.4;
				LD_RUNPATH_SEARCH_PATHS = (
					"$(inherited)",
					"@executable_path/Frameworks",
				);
				MARKETING_VERSION = 1.0;
				PRODUCT_BUNDLE_IDENTIFIER = "ru.v-alekseev.yp.tracker.Tracker";
				PRODUCT_NAME = "$(TARGET_NAME)";
				SWIFT_EMIT_LOC_STRINGS = YES;
				SWIFT_VERSION = 5.0;
				TARGETED_DEVICE_FAMILY = 1;
			};
			name = Release;
		};
/* End XCBuildConfiguration section */

/* Begin XCConfigurationList section */
		8B36FCB62A7E27C5000DF488 /* Build configuration list for PBXProject "Tracker" */ = {
			isa = XCConfigurationList;
			buildConfigurations = (
				8B36FCCD2A7E27CA000DF488 /* Debug */,
				8B36FCCE2A7E27CA000DF488 /* Release */,
			);
			defaultConfigurationIsVisible = 0;
			defaultConfigurationName = Release;
		};
		8B36FCCF2A7E27CA000DF488 /* Build configuration list for PBXNativeTarget "Tracker" */ = {
			isa = XCConfigurationList;
			buildConfigurations = (
				8B36FCD02A7E27CA000DF488 /* Debug */,
				8B36FCD12A7E27CA000DF488 /* Release */,
			);
			defaultConfigurationIsVisible = 0;
			defaultConfigurationName = Release;
		};
/* End XCConfigurationList section */

/* Begin XCVersionGroup section */
		D84559152A9347EE00A225DD /* TrackerCoreDataModel.xcdatamodeld */ = {
			isa = XCVersionGroup;
			children = (
				D84559162A9347EE00A225DD /* TrackerCoreDataModel.xcdatamodel */,
			);
			currentVersion = D84559162A9347EE00A225DD /* TrackerCoreDataModel.xcdatamodel */;
			path = TrackerCoreDataModel.xcdatamodeld;
			sourceTree = "<group>";
			versionGroupType = wrapper.xcdatamodel;
		};
/* End XCVersionGroup section */
	};
	rootObject = 8B36FCB32A7E27C5000DF488 /* Project object */;
}
